
Microsoft Visual Studio Solution File, Format Version 12.00
# Visual Studio Version 16
VisualStudioVersion = 16.0.30114.105
MinimumVisualStudioVersion = 10.0.40219.1
Project("{FAE04EC0-301F-11D3-BF4B-00C04F79EFBC}") = "ScrumBoardConsoleApp", "ScrumBoardConsoleApp\ScrumBoardConsoleApp.csproj", "{9E4EF438-2F47-42A0-BBA4-6E9744F60A90}"
EndProject
Project("{9A19103F-16F7-4668-BE54-9A1E7A4F7556}") = "ScrumBoardService", "ScrumBoardService\ScrumBoardService.csproj", "{DF0DAA67-87E3-4AE1-BBE8-DDB7D0D1E3C9}"
EndProject
Project("{9A19103F-16F7-4668-BE54-9A1E7A4F7556}") = "ScrumBoardServiceTests", "ScrumBoardServiceTests\ScrumBoardServiceTests.csproj", "{FD965669-BC16-4E2F-9047-B426DE08012E}"
EndProject
Global
	GlobalSection(SolutionConfigurationPlatforms) = preSolution
		Debug|Any CPU = Debug|Any CPU
		Debug|x64 = Debug|x64
		Debug|x86 = Debug|x86
		Release|Any CPU = Release|Any CPU
		Release|x64 = Release|x64
		Release|x86 = Release|x86
	EndGlobalSection
	GlobalSection(ProjectConfigurationPlatforms) = postSolution
		{9E4EF438-2F47-42A0-BBA4-6E9744F60A90}.Debug|Any CPU.ActiveCfg = Debug|Any CPU
		{9E4EF438-2F47-42A0-BBA4-6E9744F60A90}.Debug|Any CPU.Build.0 = Debug|Any CPU
		{9E4EF438-2F47-42A0-BBA4-6E9744F60A90}.Debug|x64.ActiveCfg = Debug|Any CPU
		{9E4EF438-2F47-42A0-BBA4-6E9744F60A90}.Debug|x64.Build.0 = Debug|Any CPU
		{9E4EF438-2F47-42A0-BBA4-6E9744F60A90}.Debug|x86.ActiveCfg = Debug|Any CPU
		{9E4EF438-2F47-42A0-BBA4-6E9744F60A90}.Debug|x86.Build.0 = Debug|Any CPU
		{9E4EF438-2F47-42A0-BBA4-6E9744F60A90}.Release|Any CPU.ActiveCfg = Release|Any CPU
		{9E4EF438-2F47-42A0-BBA4-6E9744F60A90}.Release|Any CPU.Build.0 = Release|Any CPU
		{9E4EF438-2F47-42A0-BBA4-6E9744F60A90}.Release|x64.ActiveCfg = Release|Any CPU
		{9E4EF438-2F47-42A0-BBA4-6E9744F60A90}.Release|x64.Build.0 = Release|Any CPU
		{9E4EF438-2F47-42A0-BBA4-6E9744F60A90}.Release|x86.ActiveCfg = Release|Any CPU
		{9E4EF438-2F47-42A0-BBA4-6E9744F60A90}.Release|x86.Build.0 = Release|Any CPU
		{DF0DAA67-87E3-4AE1-BBE8-DDB7D0D1E3C9}.Debug|Any CPU.ActiveCfg = Debug|Any CPU
		{DF0DAA67-87E3-4AE1-BBE8-DDB7D0D1E3C9}.Debug|Any CPU.Build.0 = Debug|Any CPU
		{DF0DAA67-87E3-4AE1-BBE8-DDB7D0D1E3C9}.Debug|x64.ActiveCfg = Debug|Any CPU
		{DF0DAA67-87E3-4AE1-BBE8-DDB7D0D1E3C9}.Debug|x64.Build.0 = Debug|Any CPU
		{DF0DAA67-87E3-4AE1-BBE8-DDB7D0D1E3C9}.Debug|x86.ActiveCfg = Debug|Any CPU
		{DF0DAA67-87E3-4AE1-BBE8-DDB7D0D1E3C9}.Debug|x86.Build.0 = Debug|Any CPU
		{DF0DAA67-87E3-4AE1-BBE8-DDB7D0D1E3C9}.Release|Any CPU.ActiveCfg = Release|Any CPU
		{DF0DAA67-87E3-4AE1-BBE8-DDB7D0D1E3C9}.Release|Any CPU.Build.0 = Release|Any CPU
		{DF0DAA67-87E3-4AE1-BBE8-DDB7D0D1E3C9}.Release|x64.ActiveCfg = Release|Any CPU
		{DF0DAA67-87E3-4AE1-BBE8-DDB7D0D1E3C9}.Release|x64.Build.0 = Release|Any CPU
		{DF0DAA67-87E3-4AE1-BBE8-DDB7D0D1E3C9}.Release|x86.ActiveCfg = Release|Any CPU
		{DF0DAA67-87E3-4AE1-BBE8-DDB7D0D1E3C9}.Release|x86.Build.0 = Release|Any CPU
		{FD965669-BC16-4E2F-9047-B426DE08012E}.Debug|Any CPU.ActiveCfg = Debug|Any CPU
		{FD965669-BC16-4E2F-9047-B426DE08012E}.Debug|Any CPU.Build.0 = Debug|Any CPU
		{FD965669-BC16-4E2F-9047-B426DE08012E}.Debug|x64.ActiveCfg = Debug|Any CPU
		{FD965669-BC16-4E2F-9047-B426DE08012E}.Debug|x64.Build.0 = Debug|Any CPU
		{FD965669-BC16-4E2F-9047-B426DE08012E}.Debug|x86.ActiveCfg = Debug|Any CPU
		{FD965669-BC16-4E2F-9047-B426DE08012E}.Debug|x86.Build.0 = Debug|Any CPU
		{FD965669-BC16-4E2F-9047-B426DE08012E}.Release|Any CPU.ActiveCfg = Release|Any CPU
		{FD965669-BC16-4E2F-9047-B426DE08012E}.Release|Any CPU.Build.0 = Release|Any CPU
		{FD965669-BC16-4E2F-9047-B426DE08012E}.Release|x64.ActiveCfg = Release|Any CPU
		{FD965669-BC16-4E2F-9047-B426DE08012E}.Release|x64.Build.0 = Release|Any CPU
		{FD965669-BC16-4E2F-9047-B426DE08012E}.Release|x86.ActiveCfg = Release|Any CPU
		{FD965669-BC16-4E2F-9047-B426DE08012E}.Release|x86.Build.0 = Release|Any CPU
	EndGlobalSection
	GlobalSection(SolutionProperties) = preSolution
		HideSolutionNode = FALSE
	EndGlobalSection
	GlobalSection(ExtensibilityGlobals) = postSolution
		SolutionGuid = {D2B5EB15-3E1C-4C06-A0A1-D9238F4F1B69}
	EndGlobalSection
EndGlobal
